// !$*UTF8*$!
{
	archiveVersion = 1;
	classes = {
	};
	objectVersion = 56;
	objects = {

/* Begin PBXBuildFile section */
		E61363702B2FA055007B1DD9 /* AppDelegate.swift in Sources */ = {isa = PBXBuildFile; fileRef = E613636F2B2FA055007B1DD9 /* AppDelegate.swift */; };
		E61363722B2FA055007B1DD9 /* SceneDelegate.swift in Sources */ = {isa = PBXBuildFile; fileRef = E61363712B2FA055007B1DD9 /* SceneDelegate.swift */; };
		E61363742B2FA055007B1DD9 /* RMTabViewController.swift in Sources */ = {isa = PBXBuildFile; fileRef = E61363732B2FA055007B1DD9 /* RMTabViewController.swift */; };
		E61363792B2FA056007B1DD9 /* Assets.xcassets in Resources */ = {isa = PBXBuildFile; fileRef = E61363782B2FA056007B1DD9 /* Assets.xcassets */; };
		E613637C2B2FA056007B1DD9 /* LaunchScreen.storyboard in Resources */ = {isa = PBXBuildFile; fileRef = E613637A2B2FA056007B1DD9 /* LaunchScreen.storyboard */; };
		E613638B2B2FA56B007B1DD9 /* RMLocation.swift in Sources */ = {isa = PBXBuildFile; fileRef = E613638A2B2FA56B007B1DD9 /* RMLocation.swift */; };
		E613638D2B2FA580007B1DD9 /* RMCharacter.swift in Sources */ = {isa = PBXBuildFile; fileRef = E613638C2B2FA580007B1DD9 /* RMCharacter.swift */; };
		E613638F2B2FA594007B1DD9 /* RMEpisode.swift in Sources */ = {isa = PBXBuildFile; fileRef = E613638E2B2FA594007B1DD9 /* RMEpisode.swift */; };
		E61363922B2FA6AC007B1DD9 /* RMCharacterViewController.swift in Sources */ = {isa = PBXBuildFile; fileRef = E61363912B2FA6AC007B1DD9 /* RMCharacterViewController.swift */; };
		E61363942B2FA6C2007B1DD9 /* RMLocationViewController.swift in Sources */ = {isa = PBXBuildFile; fileRef = E61363932B2FA6C2007B1DD9 /* RMLocationViewController.swift */; };
		E61363962B2FA6D1007B1DD9 /* RMEpisodeViewController.swift in Sources */ = {isa = PBXBuildFile; fileRef = E61363952B2FA6D1007B1DD9 /* RMEpisodeViewController.swift */; };
		E61363982B2FA6EA007B1DD9 /* RMSettingsViewController.swift in Sources */ = {isa = PBXBuildFile; fileRef = E61363972B2FA6EA007B1DD9 /* RMSettingsViewController.swift */; };
		E613639A2B36DD19007B1DD9 /* RMService.swift in Sources */ = {isa = PBXBuildFile; fileRef = E61363992B36DD19007B1DD9 /* RMService.swift */; };
		E613639C2B36DD32007B1DD9 /* RMRequest.swift in Sources */ = {isa = PBXBuildFile; fileRef = E613639B2B36DD32007B1DD9 /* RMRequest.swift */; };
		E613639E2B36DE41007B1DD9 /* RMEndpoint.swift in Sources */ = {isa = PBXBuildFile; fileRef = E613639D2B36DE41007B1DD9 /* RMEndpoint.swift */; };
/* End PBXBuildFile section */

/* Begin PBXFileReference section */
		E613636C2B2FA055007B1DD9 /* RickAndMorty.app */ = {isa = PBXFileReference; explicitFileType = wrapper.application; includeInIndex = 0; path = RickAndMorty.app; sourceTree = BUILT_PRODUCTS_DIR; };
		E613636F2B2FA055007B1DD9 /* AppDelegate.swift */ = {isa = PBXFileReference; lastKnownFileType = sourcecode.swift; path = AppDelegate.swift; sourceTree = "<group>"; };
		E61363712B2FA055007B1DD9 /* SceneDelegate.swift */ = {isa = PBXFileReference; lastKnownFileType = sourcecode.swift; path = SceneDelegate.swift; sourceTree = "<group>"; };
		E61363732B2FA055007B1DD9 /* RMTabViewController.swift */ = {isa = PBXFileReference; lastKnownFileType = sourcecode.swift; path = RMTabViewController.swift; sourceTree = "<group>"; };
		E61363782B2FA056007B1DD9 /* Assets.xcassets */ = {isa = PBXFileReference; lastKnownFileType = folder.assetcatalog; path = Assets.xcassets; sourceTree = "<group>"; };
		E613637B2B2FA056007B1DD9 /* Base */ = {isa = PBXFileReference; lastKnownFileType = file.storyboard; name = Base; path = Base.lproj/LaunchScreen.storyboard; sourceTree = "<group>"; };
		E613637D2B2FA056007B1DD9 /* Info.plist */ = {isa = PBXFileReference; lastKnownFileType = text.plist.xml; path = Info.plist; sourceTree = "<group>"; };
		E613638A2B2FA56B007B1DD9 /* RMLocation.swift */ = {isa = PBXFileReference; lastKnownFileType = sourcecode.swift; path = RMLocation.swift; sourceTree = "<group>"; };
		E613638C2B2FA580007B1DD9 /* RMCharacter.swift */ = {isa = PBXFileReference; lastKnownFileType = sourcecode.swift; path = RMCharacter.swift; sourceTree = "<group>"; };
		E613638E2B2FA594007B1DD9 /* RMEpisode.swift */ = {isa = PBXFileReference; lastKnownFileType = sourcecode.swift; path = RMEpisode.swift; sourceTree = "<group>"; };
		E61363912B2FA6AC007B1DD9 /* RMCharacterViewController.swift */ = {isa = PBXFileReference; lastKnownFileType = sourcecode.swift; path = RMCharacterViewController.swift; sourceTree = "<group>"; };
		E61363932B2FA6C2007B1DD9 /* RMLocationViewController.swift */ = {isa = PBXFileReference; lastKnownFileType = sourcecode.swift; path = RMLocationViewController.swift; sourceTree = "<group>"; };
		E61363952B2FA6D1007B1DD9 /* RMEpisodeViewController.swift */ = {isa = PBXFileReference; lastKnownFileType = sourcecode.swift; path = RMEpisodeViewController.swift; sourceTree = "<group>"; };
		E61363972B2FA6EA007B1DD9 /* RMSettingsViewController.swift */ = {isa = PBXFileReference; lastKnownFileType = sourcecode.swift; path = RMSettingsViewController.swift; sourceTree = "<group>"; };
		E61363992B36DD19007B1DD9 /* RMService.swift */ = {isa = PBXFileReference; lastKnownFileType = sourcecode.swift; path = RMService.swift; sourceTree = "<group>"; };
		E613639B2B36DD32007B1DD9 /* RMRequest.swift */ = {isa = PBXFileReference; lastKnownFileType = sourcecode.swift; path = RMRequest.swift; sourceTree = "<group>"; };
		E613639D2B36DE41007B1DD9 /* RMEndpoint.swift */ = {isa = PBXFileReference; lastKnownFileType = sourcecode.swift; path = RMEndpoint.swift; sourceTree = "<group>"; };
/* End PBXFileReference section */

/* Begin PBXFrameworksBuildPhase section */
		E61363692B2FA055007B1DD9 /* Frameworks */ = {
			isa = PBXFrameworksBuildPhase;
			buildActionMask = 2147483647;
			files = (
			);
			runOnlyForDeploymentPostprocessing = 0;
		};
/* End PBXFrameworksBuildPhase section */

/* Begin PBXGroup section */
		E61363632B2FA054007B1DD9 = {
			isa = PBXGroup;
			children = (
				E613636E2B2FA055007B1DD9 /* RickAndMorty */,
				E613636D2B2FA055007B1DD9 /* Products */,
			);
			sourceTree = "<group>";
		};
		E613636D2B2FA055007B1DD9 /* Products */ = {
			isa = PBXGroup;
			children = (
				E613636C2B2FA055007B1DD9 /* RickAndMorty.app */,
			);
			name = Products;
			sourceTree = "<group>";
		};
		E613636E2B2FA055007B1DD9 /* RickAndMorty */ = {
			isa = PBXGroup;
			children = (
				E61363892B2FA4C8007B1DD9 /* Resources */,
				E61363882B2FA4AE007B1DD9 /* APIClient */,
				E61363872B2FA4A7007B1DD9 /* Managers */,
				E61363862B2FA475007B1DD9 /* ViewModels */,
				E61363852B2FA461007B1DD9 /* Views */,
				E61363842B2FA448007B1DD9 /* Models */,
				E61363832B2FA43E007B1DD9 /* Controllers */,
				E613637D2B2FA056007B1DD9 /* Info.plist */,
			);
			path = RickAndMorty;
			sourceTree = "<group>";
		};
		E61363832B2FA43E007B1DD9 /* Controllers */ = {
			isa = PBXGroup;
			children = (
				E61363902B2FA5F2007B1DD9 /* Core */,
			);
			path = Controllers;
			sourceTree = "<group>";
		};
		E61363842B2FA448007B1DD9 /* Models */ = {
			isa = PBXGroup;
			children = (
				E613638A2B2FA56B007B1DD9 /* RMLocation.swift */,
				E613638C2B2FA580007B1DD9 /* RMCharacter.swift */,
				E613638E2B2FA594007B1DD9 /* RMEpisode.swift */,
			);
			path = Models;
			sourceTree = "<group>";
		};
		E61363852B2FA461007B1DD9 /* Views */ = {
			isa = PBXGroup;
			children = (
			);
			path = Views;
			sourceTree = "<group>";
		};
		E61363862B2FA475007B1DD9 /* ViewModels */ = {
			isa = PBXGroup;
			children = (
			);
			path = ViewModels;
			sourceTree = "<group>";
		};
		E61363872B2FA4A7007B1DD9 /* Managers */ = {
			isa = PBXGroup;
			children = (
			);
			path = Managers;
			sourceTree = "<group>";
		};
		E61363882B2FA4AE007B1DD9 /* APIClient */ = {
			isa = PBXGroup;
			children = (
				E61363992B36DD19007B1DD9 /* RMService.swift */,
				E613639B2B36DD32007B1DD9 /* RMRequest.swift */,
				E613639D2B36DE41007B1DD9 /* RMEndpoint.swift */,
			);
			path = APIClient;
			sourceTree = "<group>";
		};
		E61363892B2FA4C8007B1DD9 /* Resources */ = {
			isa = PBXGroup;
			children = (
				E61363782B2FA056007B1DD9 /* Assets.xcassets */,
				E613637A2B2FA056007B1DD9 /* LaunchScreen.storyboard */,
				E613636F2B2FA055007B1DD9 /* AppDelegate.swift */,
				E61363712B2FA055007B1DD9 /* SceneDelegate.swift */,
			);
			path = Resources;
			sourceTree = "<group>";
		};
		E61363902B2FA5F2007B1DD9 /* Core */ = {
			isa = PBXGroup;
			children = (
				E61363732B2FA055007B1DD9 /* RMTabViewController.swift */,
				E61363912B2FA6AC007B1DD9 /* RMCharacterViewController.swift */,
				E61363932B2FA6C2007B1DD9 /* RMLocationViewController.swift */,
				E61363952B2FA6D1007B1DD9 /* RMEpisodeViewController.swift */,
				E61363972B2FA6EA007B1DD9 /* RMSettingsViewController.swift */,
			);
			path = Core;
			sourceTree = "<group>";
		};
/* End PBXGroup section */

/* Begin PBXNativeTarget section */
		E613636B2B2FA055007B1DD9 /* RickAndMorty */ = {
			isa = PBXNativeTarget;
			buildConfigurationList = E61363802B2FA056007B1DD9 /* Build configuration list for PBXNativeTarget "RickAndMorty" */;
			buildPhases = (
				E61363682B2FA055007B1DD9 /* Sources */,
				E61363692B2FA055007B1DD9 /* Frameworks */,
				E613636A2B2FA055007B1DD9 /* Resources */,
			);
			buildRules = (
			);
			dependencies = (
			);
			name = RickAndMorty;
			productName = RickAndMorty;
			productReference = E613636C2B2FA055007B1DD9 /* RickAndMorty.app */;
			productType = "com.apple.product-type.application";
		};
/* End PBXNativeTarget section */

/* Begin PBXProject section */
		E61363642B2FA055007B1DD9 /* Project object */ = {
			isa = PBXProject;
			attributes = {
				BuildIndependentTargetsInParallel = 1;
				LastSwiftUpdateCheck = 1510;
				LastUpgradeCheck = 1510;
				TargetAttributes = {
					E613636B2B2FA055007B1DD9 = {
						CreatedOnToolsVersion = 15.1;
					};
				};
			};
			buildConfigurationList = E61363672B2FA055007B1DD9 /* Build configuration list for PBXProject "RickAndMorty" */;
			compatibilityVersion = "Xcode 14.0";
			developmentRegion = en;
			hasScannedForEncodings = 0;
			knownRegions = (
				en,
				Base,
			);
			mainGroup = E61363632B2FA054007B1DD9;
			productRefGroup = E613636D2B2FA055007B1DD9 /* Products */;
			projectDirPath = "";
			projectRoot = "";
			targets = (
				E613636B2B2FA055007B1DD9 /* RickAndMorty */,
			);
		};
/* End PBXProject section */

/* Begin PBXResourcesBuildPhase section */
		E613636A2B2FA055007B1DD9 /* Resources */ = {
			isa = PBXResourcesBuildPhase;
			buildActionMask = 2147483647;
			files = (
				E613637C2B2FA056007B1DD9 /* LaunchScreen.storyboard in Resources */,
				E61363792B2FA056007B1DD9 /* Assets.xcassets in Resources */,
			);
			runOnlyForDeploymentPostprocessing = 0;
		};
/* End PBXResourcesBuildPhase section */

/* Begin PBXSourcesBuildPhase section */
		E61363682B2FA055007B1DD9 /* Sources */ = {
			isa = PBXSourcesBuildPhase;
			buildActionMask = 2147483647;
			files = (
				E61363942B2FA6C2007B1DD9 /* RMLocationViewController.swift in Sources */,
				E613638F2B2FA594007B1DD9 /* RMEpisode.swift in Sources */,
				E61363742B2FA055007B1DD9 /* RMTabViewController.swift in Sources */,
				E61363962B2FA6D1007B1DD9 /* RMEpisodeViewController.swift in Sources */,
				E61363702B2FA055007B1DD9 /* AppDelegate.swift in Sources */,
				E61363722B2FA055007B1DD9 /* SceneDelegate.swift in Sources */,
				E61363982B2FA6EA007B1DD9 /* RMSettingsViewController.swift in Sources */,
				E613639A2B36DD19007B1DD9 /* RMService.swift in Sources */,
				E613638B2B2FA56B007B1DD9 /* RMLocation.swift in Sources */,
				E613639E2B36DE41007B1DD9 /* RMEndpoint.swift in Sources */,
				E613638D2B2FA580007B1DD9 /* RMCharacter.swift in Sources */,
				E613639C2B36DD32007B1DD9 /* RMRequest.swift in Sources */,
				E61363922B2FA6AC007B1DD9 /* RMCharacterViewController.swift in Sources */,
			);
			runOnlyForDeploymentPostprocessing = 0;
		};
/* End PBXSourcesBuildPhase section */

/* Begin PBXVariantGroup section */
		E613637A2B2FA056007B1DD9 /* LaunchScreen.storyboard */ = {
			isa = PBXVariantGroup;
			children = (
				E613637B2B2FA056007B1DD9 /* Base */,
			);
			name = LaunchScreen.storyboard;
			sourceTree = "<group>";
		};
/* End PBXVariantGroup section */

/* Begin XCBuildConfiguration section */
		E613637E2B2FA056007B1DD9 /* Debug */ = {
			isa = XCBuildConfiguration;
			buildSettings = {
				ALWAYS_SEARCH_USER_PATHS = NO;
				ASSETCATALOG_COMPILER_GENERATE_SWIFT_ASSET_SYMBOL_EXTENSIONS = YES;
				CLANG_ANALYZER_NONNULL = YES;
				CLANG_ANALYZER_NUMBER_OBJECT_CONVERSION = YES_AGGRESSIVE;
				CLANG_CXX_LANGUAGE_STANDARD = "gnu++20";
				CLANG_ENABLE_MODULES = YES;
				CLANG_ENABLE_OBJC_ARC = YES;
				CLANG_ENABLE_OBJC_WEAK = YES;
				CLANG_WARN_BLOCK_CAPTURE_AUTORELEASING = YES;
				CLANG_WARN_BOOL_CONVERSION = YES;
				CLANG_WARN_COMMA = YES;
				CLANG_WARN_CONSTANT_CONVERSION = YES;
				CLANG_WARN_DEPRECATED_OBJC_IMPLEMENTATIONS = YES;
				CLANG_WARN_DIRECT_OBJC_ISA_USAGE = YES_ERROR;
				CLANG_WARN_DOCUMENTATION_COMMENTS = YES;
				CLANG_WARN_EMPTY_BODY = YES;
				CLANG_WARN_ENUM_CONVERSION = YES;
				CLANG_WARN_INFINITE_RECURSION = YES;
				CLANG_WARN_INT_CONVERSION = YES;
				CLANG_WARN_NON_LITERAL_NULL_CONVERSION = YES;
				CLANG_WARN_OBJC_IMPLICIT_RETAIN_SELF = YES;
				CLANG_WARN_OBJC_LITERAL_CONVERSION = YES;
				CLANG_WARN_OBJC_ROOT_CLASS = YES_ERROR;
				CLANG_WARN_QUOTED_INCLUDE_IN_FRAMEWORK_HEADER = YES;
				CLANG_WARN_RANGE_LOOP_ANALYSIS = YES;
				CLANG_WARN_STRICT_PROTOTYPES = YES;
				CLANG_WARN_SUSPICIOUS_MOVE = YES;
				CLANG_WARN_UNGUARDED_AVAILABILITY = YES_AGGRESSIVE;
				CLANG_WARN_UNREACHABLE_CODE = YES;
				CLANG_WARN__DUPLICATE_METHOD_MATCH = YES;
				COPY_PHASE_STRIP = NO;
				DEBUG_INFORMATION_FORMAT = dwarf;
				ENABLE_STRICT_OBJC_MSGSEND = YES;
				ENABLE_TESTABILITY = YES;
				ENABLE_USER_SCRIPT_SANDBOXING = YES;
				GCC_C_LANGUAGE_STANDARD = gnu17;
				GCC_DYNAMIC_NO_PIC = NO;
				GCC_NO_COMMON_BLOCKS = YES;
				GCC_OPTIMIZATION_LEVEL = 0;
				GCC_PREPROCESSOR_DEFINITIONS = (
					"DEBUG=1",
					"$(inherited)",
				);
				GCC_WARN_64_TO_32_BIT_CONVERSION = YES;
				GCC_WARN_ABOUT_RETURN_TYPE = YES_ERROR;
				GCC_WARN_UNDECLARED_SELECTOR = YES;
				GCC_WARN_UNINITIALIZED_AUTOS = YES_AGGRESSIVE;
				GCC_WARN_UNUSED_FUNCTION = YES;
				GCC_WARN_UNUSED_VARIABLE = YES;
				IPHONEOS_DEPLOYMENT_TARGET = 17.2;
				LOCALIZATION_PREFERS_STRING_CATALOGS = YES;
				MTL_ENABLE_DEBUG_INFO = INCLUDE_SOURCE;
				MTL_FAST_MATH = YES;
				ONLY_ACTIVE_ARCH = YES;
				SDKROOT = iphoneos;
				SWIFT_ACTIVE_COMPILATION_CONDITIONS = "DEBUG $(inherited)";
				SWIFT_OPTIMIZATION_LEVEL = "-Onone";
			};
			name = Debug;
		};
		E613637F2B2FA056007B1DD9 /* Release */ = {
			isa = XCBuildConfiguration;
			buildSettings = {
				ALWAYS_SEARCH_USER_PATHS = NO;
				ASSETCATALOG_COMPILER_GENERATE_SWIFT_ASSET_SYMBOL_EXTENSIONS = YES;
				CLANG_ANALYZER_NONNULL = YES;
				CLANG_ANALYZER_NUMBER_OBJECT_CONVERSION = YES_AGGRESSIVE;
				CLANG_CXX_LANGUAGE_STANDARD = "gnu++20";
				CLANG_ENABLE_MODULES = YES;
				CLANG_ENABLE_OBJC_ARC = YES;
				CLANG_ENABLE_OBJC_WEAK = YES;
				CLANG_WARN_BLOCK_CAPTURE_AUTORELEASING = YES;
				CLANG_WARN_BOOL_CONVERSION = YES;
				CLANG_WARN_COMMA = YES;
				CLANG_WARN_CONSTANT_CONVERSION = YES;
				CLANG_WARN_DEPRECATED_OBJC_IMPLEMENTATIONS = YES;
				CLANG_WARN_DIRECT_OBJC_ISA_USAGE = YES_ERROR;
				CLANG_WARN_DOCUMENTATION_COMMENTS = YES;
				CLANG_WARN_EMPTY_BODY = YES;
				CLANG_WARN_ENUM_CONVERSION = YES;
				CLANG_WARN_INFINITE_RECURSION = YES;
				CLANG_WARN_INT_CONVERSION = YES;
				CLANG_WARN_NON_LITERAL_NULL_CONVERSION = YES;
				CLANG_WARN_OBJC_IMPLICIT_RETAIN_SELF = YES;
				CLANG_WARN_OBJC_LITERAL_CONVERSION = YES;
				CLANG_WARN_OBJC_ROOT_CLASS = YES_ERROR;
				CLANG_WARN_QUOTED_INCLUDE_IN_FRAMEWORK_HEADER = YES;
				CLANG_WARN_RANGE_LOOP_ANALYSIS = YES;
				CLANG_WARN_STRICT_PROTOTYPES = YES;
				CLANG_WARN_SUSPICIOUS_MOVE = YES;
				CLANG_WARN_UNGUARDED_AVAILABILITY = YES_AGGRESSIVE;
				CLANG_WARN_UNREACHABLE_CODE = YES;
				CLANG_WARN__DUPLICATE_METHOD_MATCH = YES;
				COPY_PHASE_STRIP = NO;
				DEBUG_INFORMATION_FORMAT = "dwarf-with-dsym";
				ENABLE_NS_ASSERTIONS = NO;
				ENABLE_STRICT_OBJC_MSGSEND = YES;
				ENABLE_USER_SCRIPT_SANDBOXING = YES;
				GCC_C_LANGUAGE_STANDARD = gnu17;
				GCC_NO_COMMON_BLOCKS = YES;
				GCC_WARN_64_TO_32_BIT_CONVERSION = YES;
				GCC_WARN_ABOUT_RETURN_TYPE = YES_ERROR;
				GCC_WARN_UNDECLARED_SELECTOR = YES;
				GCC_WARN_UNINITIALIZED_AUTOS = YES_AGGRESSIVE;
				GCC_WARN_UNUSED_FUNCTION = YES;
				GCC_WARN_UNUSED_VARIABLE = YES;
				IPHONEOS_DEPLOYMENT_TARGET = 17.2;
				LOCALIZATION_PREFERS_STRING_CATALOGS = YES;
				MTL_ENABLE_DEBUG_INFO = NO;
				MTL_FAST_MATH = YES;
				SDKROOT = iphoneos;
				SWIFT_COMPILATION_MODE = wholemodule;
				VALIDATE_PRODUCT = YES;
			};
			name = Release;
		};
		E61363812B2FA056007B1DD9 /* Debug */ = {
			isa = XCBuildConfiguration;
			buildSettings = {
				ASSETCATALOG_COMPILER_APPICON_NAME = AppIcon;
				ASSETCATALOG_COMPILER_GLOBAL_ACCENT_COLOR_NAME = AccentColor;
				CODE_SIGN_STYLE = Automatic;
				CURRENT_PROJECT_VERSION = 1;
				DEVELOPMENT_TEAM = 43VHXB8L6Z;
				GENERATE_INFOPLIST_FILE = YES;
				INFOPLIST_FILE = RickAndMorty/Info.plist;
				INFOPLIST_KEY_UIApplicationSupportsIndirectInputEvents = YES;
				INFOPLIST_KEY_UILaunchStoryboardName = LaunchScreen;
				INFOPLIST_KEY_UISupportedInterfaceOrientations_iPad = "UIInterfaceOrientationPortrait UIInterfaceOrientationPortraitUpsideDown UIInterfaceOrientationLandscapeLeft UIInterfaceOrientationLandscapeRight";
				INFOPLIST_KEY_UISupportedInterfaceOrientations_iPhone = "UIInterfaceOrientationPortrait UIInterfaceOrientationLandscapeLeft UIInterfaceOrientationLandscapeRight";
				LD_RUNPATH_SEARCH_PATHS = (
					"$(inherited)",
					"@executable_path/Frameworks",
				);
				MARKETING_VERSION = 1.0;
				PRODUCT_BUNDLE_IDENTIFIER = com.aureolus.RickAndMorty;
				PRODUCT_NAME = "$(TARGET_NAME)";
				SWIFT_EMIT_LOC_STRINGS = YES;
				SWIFT_VERSION = 5.0;
				TARGETED_DEVICE_FAMILY = "1,2";
			};
			name = Debug;
		};
		E61363822B2FA056007B1DD9 /* Release */ = {
			isa = XCBuildConfiguration;
			buildSettings = {
				ASSETCATALOG_COMPILER_APPICON_NAME = AppIcon;
				ASSETCATALOG_COMPILER_GLOBAL_ACCENT_COLOR_NAME = AccentColor;
				CODE_SIGN_STYLE = Automatic;
				CURRENT_PROJECT_VERSION = 1;
				DEVELOPMENT_TEAM = 43VHXB8L6Z;
				GENERATE_INFOPLIST_FILE = YES;
				INFOPLIST_FILE = RickAndMorty/Info.plist;
				INFOPLIST_KEY_UIApplicationSupportsIndirectInputEvents = YES;
				INFOPLIST_KEY_UILaunchStoryboardName = LaunchScreen;
				INFOPLIST_KEY_UISupportedInterfaceOrientations_iPad = "UIInterfaceOrientationPortrait UIInterfaceOrientationPortraitUpsideDown UIInterfaceOrientationLandscapeLeft UIInterfaceOrientationLandscapeRight";
				INFOPLIST_KEY_UISupportedInterfaceOrientations_iPhone = "UIInterfaceOrientationPortrait UIInterfaceOrientationLandscapeLeft UIInterfaceOrientationLandscapeRight";
				LD_RUNPATH_SEARCH_PATHS = (
					"$(inherited)",
					"@executable_path/Frameworks",
				);
				MARKETING_VERSION = 1.0;
				PRODUCT_BUNDLE_IDENTIFIER = com.aureolus.RickAndMorty;
				PRODUCT_NAME = "$(TARGET_NAME)";
				SWIFT_EMIT_LOC_STRINGS = YES;
				SWIFT_VERSION = 5.0;
				TARGETED_DEVICE_FAMILY = "1,2";
			};
			name = Release;
		};
/* End XCBuildConfiguration section */

/* Begin XCConfigurationList section */
		E61363672B2FA055007B1DD9 /* Build configuration list for PBXProject "RickAndMorty" */ = {
			isa = XCConfigurationList;
			buildConfigurations = (
				E613637E2B2FA056007B1DD9 /* Debug */,
				E613637F2B2FA056007B1DD9 /* Release */,
			);
			defaultConfigurationIsVisible = 0;
			defaultConfigurationName = Release;
		};
		E61363802B2FA056007B1DD9 /* Build configuration list for PBXNativeTarget "RickAndMorty" */ = {
			isa = XCConfigurationList;
			buildConfigurations = (
				E61363812B2FA056007B1DD9 /* Debug */,
				E61363822B2FA056007B1DD9 /* Release */,
			);
			defaultConfigurationIsVisible = 0;
			defaultConfigurationName = Release;
		};
/* End XCConfigurationList section */
	};
	rootObject = E61363642B2FA055007B1DD9 /* Project object */;
}
